
Microsoft Visual Studio Solution File, Format Version 12.00
# Visual Studio Version 17
VisualStudioVersion = 17.9.34728.123
MinimumVisualStudioVersion = 10.0.40219.1
Project("{FAE04EC0-301F-11D3-BF4B-00C04F79EFBC}") = "GT3XRead", "GT3XRead\GT3XRead.csproj", "{6DF814D5-8619-49BD-A6BB-508BBD8CEBC7}"
EndProject
Global
	GlobalSection(SolutionConfigurationPlatforms) = preSolution
		Debug|Any CPU = Debug|Any CPU
		Release|Any CPU = Release|Any CPU
	EndGlobalSection
	GlobalSection(ProjectConfigurationPlatforms) = postSolution
		{6DF814D5-8619-49BD-A6BB-508BBD8CEBC7}.Debug|Any CPU.ActiveCfg = Debug|Any CPU
		{6DF814D5-8619-49BD-A6BB-508BBD8CEBC7}.Debug|Any CPU.Build.0 = Debug|Any CPU
		{6DF814D5-8619-49BD-A6BB-508BBD8CEBC7}.Release|Any CPU.ActiveCfg = Release|Any CPU
		{6DF814D5-8619-49BD-A6BB-508BBD8CEBC7}.Release|Any CPU.Build.0 = Release|Any CPU
	EndGlobalSection
	GlobalSection(SolutionProperties) = preSolution
		HideSolutionNode = FALSE
	EndGlobalSection
	GlobalSection(ExtensibilityGlobals) = postSolution
		SolutionGuid = {5D6FB93A-1FC7-4B22-A9C8-226B07B08EC8}
	EndGlobalSection
EndGlobal
